{
  "name": "copc-loader",
  "version": "0.1.0",
  "lockfileVersion": 3,
  "requires": true,
  "packages": {
    "": {
      "name": "copc-loader",
      "version": "0.1.0",
      "license": "MIT",
      "dependencies": {
        "wasm-spatial-core": "^0.10.1"
      },
      "engines": {
        "node": ">=18"
      }
    },
    "node_modules/wasm-spatial-core": {
      "version": "0.10.2",
      "resolved": "https://registry.npmjs.org/wasm-spatial-core/-/wasm-spatial-core-0.10.2.tgz",
      "integrity": "sha512-erUw10ixominmMsW74Iorp0e4SJrAEw4zEkZ2y89vYDFV3SvTMVNrbTZpjQ2MR3myFstU9P0UafDYFMvaYnN9g==",
      "license": "MIT",
      "peerDependencies": {
        "draco3d": ">=1.5.0"
      },
      "peerDependenciesMeta": {
        "draco3d": {
          "optional": true
        }
      }
    }
  }
}
